
Microsoft Visual Studio Solution File, Format Version 12.00
# Visual Studio 15
VisualStudioVersion = 15.0.28307.168
MinimumVisualStudioVersion = 10.0.40219.1
Project("{FAE04EC0-301F-11D3-BF4B-00C04F79EFBC}") = "S01E01", "S01E01\S01E01.csproj", "{B2350986-CCBD-4E1D-9759-BFF6FBF67140}"
EndProject
Global
	GlobalSection(SolutionConfigurationPlatforms) = preSolution
		Debug|Any CPU = Debug|Any CPU
		Release|Any CPU = Release|Any CPU
	EndGlobalSection
	GlobalSection(ProjectConfigurationPlatforms) = postSolution
		{B2350986-CCBD-4E1D-9759-BFF6FBF67140}.Debug|Any CPU.ActiveCfg = Debug|Any CPU
		{B2350986-CCBD-4E1D-9759-BFF6FBF67140}.Debug|Any CPU.Build.0 = Debug|Any CPU
		{B2350986-CCBD-4E1D-9759-BFF6FBF67140}.Release|Any CPU.ActiveCfg = Release|Any CPU
		{B2350986-CCBD-4E1D-9759-BFF6FBF67140}.Release|Any CPU.Build.0 = Release|Any CPU
	EndGlobalSection
	GlobalSection(SolutionProperties) = preSolution
		HideSolutionNode = FALSE
	EndGlobalSection
	GlobalSection(ExtensibilityGlobals) = postSolution
		SolutionGuid = {A460E113-8A9D-4E8F-9687-AC63DA9A3F63}
	EndGlobalSection
EndGlobal
